
Microsoft Visual Studio Solution File, Format Version 12.00
# Visual Studio Version 16
VisualStudioVersion = 16.0.30907.101
MinimumVisualStudioVersion = 10.0.40219.1
Project("{9A19103F-16F7-4668-BE54-9A1E7A4F7556}") = "HotelAppServer", "HotelAppServer\HotelAppServer.csproj", "{2BAFC0D0-5745-45F1-92F3-44A0CDD2B083}"
EndProject
Project("{9A19103F-16F7-4668-BE54-9A1E7A4F7556}") = "DataAccess", "DataAccess\DataAccess.csproj", "{854877AA-93DE-4093-927A-661B52A880A1}"
EndProject
Project("{9A19103F-16F7-4668-BE54-9A1E7A4F7556}") = "Common", "Common\Common.csproj", "{154B2AAA-D032-483D-9D8D-371DB4E961FF}"
EndProject
Project("{9A19103F-16F7-4668-BE54-9A1E7A4F7556}") = "Business", "Business\Business.csproj", "{64A277D5-F1C0-4336-B877-DF956B52415D}"
EndProject
Project("{9A19103F-16F7-4668-BE54-9A1E7A4F7556}") = "DTOS", "DTOS\DTOS.csproj", "{F30CDDB9-6ED7-4683-90D6-7F62543B48BF}"
EndProject
Global
	GlobalSection(SolutionConfigurationPlatforms) = preSolution
		Debug|Any CPU = Debug|Any CPU
		Release|Any CPU = Release|Any CPU
	EndGlobalSection
	GlobalSection(ProjectConfigurationPlatforms) = postSolution
		{2BAFC0D0-5745-45F1-92F3-44A0CDD2B083}.Debug|Any CPU.ActiveCfg = Debug|Any CPU
		{2BAFC0D0-5745-45F1-92F3-44A0CDD2B083}.Debug|Any CPU.Build.0 = Debug|Any CPU
		{2BAFC0D0-5745-45F1-92F3-44A0CDD2B083}.Release|Any CPU.ActiveCfg = Release|Any CPU
		{2BAFC0D0-5745-45F1-92F3-44A0CDD2B083}.Release|Any CPU.Build.0 = Release|Any CPU
		{854877AA-93DE-4093-927A-661B52A880A1}.Debug|Any CPU.ActiveCfg = Debug|Any CPU
		{854877AA-93DE-4093-927A-661B52A880A1}.Debug|Any CPU.Build.0 = Debug|Any CPU
		{854877AA-93DE-4093-927A-661B52A880A1}.Release|Any CPU.ActiveCfg = Release|Any CPU
		{854877AA-93DE-4093-927A-661B52A880A1}.Release|Any CPU.Build.0 = Release|Any CPU
		{154B2AAA-D032-483D-9D8D-371DB4E961FF}.Debug|Any CPU.ActiveCfg = Debug|Any CPU
		{154B2AAA-D032-483D-9D8D-371DB4E961FF}.Debug|Any CPU.Build.0 = Debug|Any CPU
		{154B2AAA-D032-483D-9D8D-371DB4E961FF}.Release|Any CPU.ActiveCfg = Release|Any CPU
		{154B2AAA-D032-483D-9D8D-371DB4E961FF}.Release|Any CPU.Build.0 = Release|Any CPU
		{64A277D5-F1C0-4336-B877-DF956B52415D}.Debug|Any CPU.ActiveCfg = Debug|Any CPU
		{64A277D5-F1C0-4336-B877-DF956B52415D}.Debug|Any CPU.Build.0 = Debug|Any CPU
		{64A277D5-F1C0-4336-B877-DF956B52415D}.Release|Any CPU.ActiveCfg = Release|Any CPU
		{64A277D5-F1C0-4336-B877-DF956B52415D}.Release|Any CPU.Build.0 = Release|Any CPU
		{F30CDDB9-6ED7-4683-90D6-7F62543B48BF}.Debug|Any CPU.ActiveCfg = Debug|Any CPU
		{F30CDDB9-6ED7-4683-90D6-7F62543B48BF}.Debug|Any CPU.Build.0 = Debug|Any CPU
		{F30CDDB9-6ED7-4683-90D6-7F62543B48BF}.Release|Any CPU.ActiveCfg = Release|Any CPU
		{F30CDDB9-6ED7-4683-90D6-7F62543B48BF}.Release|Any CPU.Build.0 = Release|Any CPU
	EndGlobalSection
	GlobalSection(SolutionProperties) = preSolution
		HideSolutionNode = FALSE
	EndGlobalSection
	GlobalSection(ExtensibilityGlobals) = postSolution
		SolutionGuid = {930C619F-5EE7-4216-A291-C707C3DB0763}
	EndGlobalSection
EndGlobal
